// !$*UTF8*$!
{
	archiveVersion = 1;
	classes = {
	};
	objectVersion = 48;
	objects = {

/* Begin PBXBuildFile section */
		4801EEA31FE13C980040A6DC /* Result.swift in Sources */ = {isa = PBXBuildFile; fileRef = 4801EEA21FE13C980040A6DC /* Result.swift */; };
		482E8E491FE3E15200AE8FB7 /* NotificationCenter.framework in Frameworks */ = {isa = PBXBuildFile; fileRef = 482E8E481FE3E15200AE8FB7 /* NotificationCenter.framework */; };
		482E8E4C1FE3E15200AE8FB7 /* TodayViewController.swift in Sources */ = {isa = PBXBuildFile; fileRef = 482E8E4B1FE3E15200AE8FB7 /* TodayViewController.swift */; };
		482E8E4F1FE3E15200AE8FB7 /* MainInterface.storyboard in Resources */ = {isa = PBXBuildFile; fileRef = 482E8E4D1FE3E15200AE8FB7 /* MainInterface.storyboard */; };
		482E8E531FE3E15200AE8FB7 /* TideWidget.appex in Embed App Extensions */ = {isa = PBXBuildFile; fileRef = 482E8E461FE3E15100AE8FB7 /* TideWidget.appex */; settings = {ATTRIBUTES = (RemoveHeadersOnCopy, ); }; };
		482E8E581FE3E36F00AE8FB7 /* TodayViewController.swift in Sources */ = {isa = PBXBuildFile; fileRef = 482E8E4B1FE3E15200AE8FB7 /* TodayViewController.swift */; };
		482E8E591FE3E43C00AE8FB7 /* TideModel.swift in Sources */ = {isa = PBXBuildFile; fileRef = 486C04781FE07E7800D32A2A /* TideModel.swift */; };
		482E8E5A1FE3E48300AE8FB7 /* Result.swift in Sources */ = {isa = PBXBuildFile; fileRef = 4801EEA21FE13C980040A6DC /* Result.swift */; };
		482E8E5B1FE3E4EB00AE8FB7 /* StringExtensions.swift in Sources */ = {isa = PBXBuildFile; fileRef = 48DADE911FC36822005B978F /* StringExtensions.swift */; };
		482E8E5C1FE3E9CD00AE8FB7 /* Assets.xcassets in Resources */ = {isa = PBXBuildFile; fileRef = 483AA9F41FAF48E300DEE9F4 /* Assets.xcassets */; };
		483AA9EE1FAF48E300DEE9F4 /* AppDelegate.swift in Sources */ = {isa = PBXBuildFile; fileRef = 483AA9ED1FAF48E300DEE9F4 /* AppDelegate.swift */; };
		483AA9F01FAF48E300DEE9F4 /* TideVC.swift in Sources */ = {isa = PBXBuildFile; fileRef = 483AA9EF1FAF48E300DEE9F4 /* TideVC.swift */; };
		483AA9F31FAF48E300DEE9F4 /* Main.storyboard in Resources */ = {isa = PBXBuildFile; fileRef = 483AA9F11FAF48E300DEE9F4 /* Main.storyboard */; };
		483AA9F51FAF48E300DEE9F4 /* Assets.xcassets in Resources */ = {isa = PBXBuildFile; fileRef = 483AA9F41FAF48E300DEE9F4 /* Assets.xcassets */; };
		483AA9F81FAF48E300DEE9F4 /* LaunchScreen.storyboard in Resources */ = {isa = PBXBuildFile; fileRef = 483AA9F61FAF48E300DEE9F4 /* LaunchScreen.storyboard */; };
		486C04791FE07E7800D32A2A /* TideModel.swift in Sources */ = {isa = PBXBuildFile; fileRef = 486C04781FE07E7800D32A2A /* TideModel.swift */; };
		48DADE921FC36822005B978F /* StringExtensions.swift in Sources */ = {isa = PBXBuildFile; fileRef = 48DADE911FC36822005B978F /* StringExtensions.swift */; };
/* End PBXBuildFile section */

/* Begin PBXContainerItemProxy section */
		482E8E511FE3E15200AE8FB7 /* PBXContainerItemProxy */ = {
			isa = PBXContainerItemProxy;
			containerPortal = 483AA9E21FAF48E300DEE9F4 /* Project object */;
			proxyType = 1;
			remoteGlobalIDString = 482E8E451FE3E15100AE8FB7;
			remoteInfo = TideWidget;
		};
/* End PBXContainerItemProxy section */

/* Begin PBXCopyFilesBuildPhase section */
		482E8E571FE3E15200AE8FB7 /* Embed App Extensions */ = {
			isa = PBXCopyFilesBuildPhase;
			buildActionMask = 2147483647;
			dstPath = "";
			dstSubfolderSpec = 13;
			files = (
				482E8E531FE3E15200AE8FB7 /* TideWidget.appex in Embed App Extensions */,
			);
			name = "Embed App Extensions";
			runOnlyForDeploymentPostprocessing = 0;
		};
/* End PBXCopyFilesBuildPhase section */

/* Begin PBXFileReference section */
		4801EEA21FE13C980040A6DC /* Result.swift */ = {isa = PBXFileReference; lastKnownFileType = sourcecode.swift; path = Result.swift; sourceTree = "<group>"; };
		482E8E461FE3E15100AE8FB7 /* TideWidget.appex */ = {isa = PBXFileReference; explicitFileType = "wrapper.app-extension"; includeInIndex = 0; path = TideWidget.appex; sourceTree = BUILT_PRODUCTS_DIR; };
		482E8E481FE3E15200AE8FB7 /* NotificationCenter.framework */ = {isa = PBXFileReference; lastKnownFileType = wrapper.framework; name = NotificationCenter.framework; path = System/Library/Frameworks/NotificationCenter.framework; sourceTree = SDKROOT; };
		482E8E4B1FE3E15200AE8FB7 /* TodayViewController.swift */ = {isa = PBXFileReference; lastKnownFileType = sourcecode.swift; path = TodayViewController.swift; sourceTree = "<group>"; };
		482E8E4E1FE3E15200AE8FB7 /* Base */ = {isa = PBXFileReference; lastKnownFileType = file.storyboard; name = Base; path = Base.lproj/MainInterface.storyboard; sourceTree = "<group>"; };
		482E8E501FE3E15200AE8FB7 /* Info.plist */ = {isa = PBXFileReference; lastKnownFileType = text.plist.xml; path = Info.plist; sourceTree = "<group>"; };
		483AA9EA1FAF48E300DEE9F4 /* Tidey.app */ = {isa = PBXFileReference; explicitFileType = wrapper.application; includeInIndex = 0; path = Tidey.app; sourceTree = BUILT_PRODUCTS_DIR; };
		483AA9ED1FAF48E300DEE9F4 /* AppDelegate.swift */ = {isa = PBXFileReference; lastKnownFileType = sourcecode.swift; path = AppDelegate.swift; sourceTree = "<group>"; };
		483AA9EF1FAF48E300DEE9F4 /* TideVC.swift */ = {isa = PBXFileReference; lastKnownFileType = sourcecode.swift; path = TideVC.swift; sourceTree = "<group>"; };
		483AA9F21FAF48E300DEE9F4 /* Base */ = {isa = PBXFileReference; lastKnownFileType = file.storyboard; name = Base; path = Base.lproj/Main.storyboard; sourceTree = "<group>"; };
		483AA9F41FAF48E300DEE9F4 /* Assets.xcassets */ = {isa = PBXFileReference; lastKnownFileType = folder.assetcatalog; path = Assets.xcassets; sourceTree = "<group>"; };
		483AA9F71FAF48E300DEE9F4 /* Base */ = {isa = PBXFileReference; lastKnownFileType = file.storyboard; name = Base; path = Base.lproj/LaunchScreen.storyboard; sourceTree = "<group>"; };
		483AA9F91FAF48E300DEE9F4 /* Info.plist */ = {isa = PBXFileReference; lastKnownFileType = text.plist.xml; path = Info.plist; sourceTree = "<group>"; };
		484F656B1FE422ED0006DB0F /* TideWidget.entitlements */ = {isa = PBXFileReference; lastKnownFileType = text.plist.entitlements; path = TideWidget.entitlements; sourceTree = "<group>"; };
		484F656C1FE423440006DB0F /* Tidey.entitlements */ = {isa = PBXFileReference; lastKnownFileType = text.plist.entitlements; path = Tidey.entitlements; sourceTree = "<group>"; };
		486C04781FE07E7800D32A2A /* TideModel.swift */ = {isa = PBXFileReference; lastKnownFileType = sourcecode.swift; path = TideModel.swift; sourceTree = "<group>"; };
		48DADE911FC36822005B978F /* StringExtensions.swift */ = {isa = PBXFileReference; lastKnownFileType = sourcecode.swift; path = StringExtensions.swift; sourceTree = "<group>"; };
/* End PBXFileReference section */

/* Begin PBXFrameworksBuildPhase section */
		482E8E431FE3E15100AE8FB7 /* Frameworks */ = {
			isa = PBXFrameworksBuildPhase;
			buildActionMask = 2147483647;
			files = (
				482E8E491FE3E15200AE8FB7 /* NotificationCenter.framework in Frameworks */,
			);
			runOnlyForDeploymentPostprocessing = 0;
		};
		483AA9E71FAF48E300DEE9F4 /* Frameworks */ = {
			isa = PBXFrameworksBuildPhase;
			buildActionMask = 2147483647;
			files = (
			);
			runOnlyForDeploymentPostprocessing = 0;
		};
/* End PBXFrameworksBuildPhase section */

/* Begin PBXGroup section */
		482E8E471FE3E15200AE8FB7 /* Frameworks */ = {
			isa = PBXGroup;
			children = (
				482E8E481FE3E15200AE8FB7 /* NotificationCenter.framework */,
			);
			name = Frameworks;
			sourceTree = "<group>";
		};
		482E8E4A1FE3E15200AE8FB7 /* TideWidget */ = {
			isa = PBXGroup;
			children = (
				484F656B1FE422ED0006DB0F /* TideWidget.entitlements */,
				482E8E4B1FE3E15200AE8FB7 /* TodayViewController.swift */,
				482E8E4D1FE3E15200AE8FB7 /* MainInterface.storyboard */,
				482E8E501FE3E15200AE8FB7 /* Info.plist */,
			);
			path = TideWidget;
			sourceTree = "<group>";
		};
		483AA9E11FAF48E300DEE9F4 = {
			isa = PBXGroup;
			children = (
				483AA9EC1FAF48E300DEE9F4 /* TideTracker */,
				482E8E4A1FE3E15200AE8FB7 /* TideWidget */,
				482E8E471FE3E15200AE8FB7 /* Frameworks */,
				483AA9EB1FAF48E300DEE9F4 /* Products */,
			);
			sourceTree = "<group>";
		};
		483AA9EB1FAF48E300DEE9F4 /* Products */ = {
			isa = PBXGroup;
			children = (
				483AA9EA1FAF48E300DEE9F4 /* Tidey.app */,
				482E8E461FE3E15100AE8FB7 /* TideWidget.appex */,
			);
			name = Products;
			sourceTree = "<group>";
		};
		483AA9EC1FAF48E300DEE9F4 /* TideTracker */ = {
			isa = PBXGroup;
			children = (
				484F656C1FE423440006DB0F /* Tidey.entitlements */,
				483AA9ED1FAF48E300DEE9F4 /* AppDelegate.swift */,
				483AA9EF1FAF48E300DEE9F4 /* TideVC.swift */,
				486C04781FE07E7800D32A2A /* TideModel.swift */,
				4801EEA21FE13C980040A6DC /* Result.swift */,
				48DADE911FC36822005B978F /* StringExtensions.swift */,
				483AA9F11FAF48E300DEE9F4 /* Main.storyboard */,
				483AA9F41FAF48E300DEE9F4 /* Assets.xcassets */,
				483AA9F61FAF48E300DEE9F4 /* LaunchScreen.storyboard */,
				483AA9F91FAF48E300DEE9F4 /* Info.plist */,
			);
			path = TideTracker;
			sourceTree = "<group>";
		};
/* End PBXGroup section */

/* Begin PBXNativeTarget section */
		482E8E451FE3E15100AE8FB7 /* TideWidget */ = {
			isa = PBXNativeTarget;
			buildConfigurationList = 482E8E561FE3E15200AE8FB7 /* Build configuration list for PBXNativeTarget "TideWidget" */;
			buildPhases = (
				482E8E421FE3E15100AE8FB7 /* Sources */,
				482E8E431FE3E15100AE8FB7 /* Frameworks */,
				482E8E441FE3E15100AE8FB7 /* Resources */,
			);
			buildRules = (
			);
			dependencies = (
			);
			name = TideWidget;
			productName = TideWidget;
			productReference = 482E8E461FE3E15100AE8FB7 /* TideWidget.appex */;
			productType = "com.apple.product-type.app-extension";
		};
		483AA9E91FAF48E300DEE9F4 /* TideTracker */ = {
			isa = PBXNativeTarget;
			buildConfigurationList = 483AA9FC1FAF48E300DEE9F4 /* Build configuration list for PBXNativeTarget "TideTracker" */;
			buildPhases = (
				483AA9E61FAF48E300DEE9F4 /* Sources */,
				483AA9E71FAF48E300DEE9F4 /* Frameworks */,
				483AA9E81FAF48E300DEE9F4 /* Resources */,
				482E8E571FE3E15200AE8FB7 /* Embed App Extensions */,
			);
			buildRules = (
			);
			dependencies = (
				482E8E521FE3E15200AE8FB7 /* PBXTargetDependency */,
			);
			name = TideTracker;
			productName = TideTracker;
			productReference = 483AA9EA1FAF48E300DEE9F4 /* Tidey.app */;
			productType = "com.apple.product-type.application";
		};
/* End PBXNativeTarget section */

/* Begin PBXProject section */
		483AA9E21FAF48E300DEE9F4 /* Project object */ = {
			isa = PBXProject;
			attributes = {
				LastSwiftUpdateCheck = 0920;
				LastUpgradeCheck = 0910;
				ORGANIZATIONNAME = "Sullivan Applications";
				TargetAttributes = {
					482E8E451FE3E15100AE8FB7 = {
						CreatedOnToolsVersion = 9.2;
						ProvisioningStyle = Automatic;
						SystemCapabilities = {
							com.apple.ApplicationGroups.iOS = {
								enabled = 1;
							};
						};
					};
					483AA9E91FAF48E300DEE9F4 = {
						CreatedOnToolsVersion = 9.1;
						ProvisioningStyle = Manual;
						SystemCapabilities = {
							com.apple.ApplicationGroups.iOS = {
								enabled = 1;
							};
						};
					};
				};
			};
			buildConfigurationList = 483AA9E51FAF48E300DEE9F4 /* Build configuration list for PBXProject "TideTracker" */;
			compatibilityVersion = "Xcode 8.0";
			developmentRegion = en;
			hasScannedForEncodings = 0;
			knownRegions = (
				en,
				Base,
			);
			mainGroup = 483AA9E11FAF48E300DEE9F4;
			productRefGroup = 483AA9EB1FAF48E300DEE9F4 /* Products */;
			projectDirPath = "";
			projectRoot = "";
			targets = (
				483AA9E91FAF48E300DEE9F4 /* TideTracker */,
				482E8E451FE3E15100AE8FB7 /* TideWidget */,
			);
		};
/* End PBXProject section */

/* Begin PBXResourcesBuildPhase section */
		482E8E441FE3E15100AE8FB7 /* Resources */ = {
			isa = PBXResourcesBuildPhase;
			buildActionMask = 2147483647;
			files = (
				482E8E5C1FE3E9CD00AE8FB7 /* Assets.xcassets in Resources */,
				482E8E4F1FE3E15200AE8FB7 /* MainInterface.storyboard in Resources */,
			);
			runOnlyForDeploymentPostprocessing = 0;
		};
		483AA9E81FAF48E300DEE9F4 /* Resources */ = {
			isa = PBXResourcesBuildPhase;
			buildActionMask = 2147483647;
			files = (
				483AA9F81FAF48E300DEE9F4 /* LaunchScreen.storyboard in Resources */,
				483AA9F51FAF48E300DEE9F4 /* Assets.xcassets in Resources */,
				483AA9F31FAF48E300DEE9F4 /* Main.storyboard in Resources */,
			);
			runOnlyForDeploymentPostprocessing = 0;
		};
/* End PBXResourcesBuildPhase section */

/* Begin PBXSourcesBuildPhase section */
		482E8E421FE3E15100AE8FB7 /* Sources */ = {
			isa = PBXSourcesBuildPhase;
			buildActionMask = 2147483647;
			files = (
				482E8E5B1FE3E4EB00AE8FB7 /* StringExtensions.swift in Sources */,
				482E8E5A1FE3E48300AE8FB7 /* Result.swift in Sources */,
				482E8E4C1FE3E15200AE8FB7 /* TodayViewController.swift in Sources */,
				482E8E591FE3E43C00AE8FB7 /* TideModel.swift in Sources */,
			);
			runOnlyForDeploymentPostprocessing = 0;
		};
		483AA9E61FAF48E300DEE9F4 /* Sources */ = {
			isa = PBXSourcesBuildPhase;
			buildActionMask = 2147483647;
			files = (
				48DADE921FC36822005B978F /* StringExtensions.swift in Sources */,
				4801EEA31FE13C980040A6DC /* Result.swift in Sources */,
				482E8E581FE3E36F00AE8FB7 /* TodayViewController.swift in Sources */,
				486C04791FE07E7800D32A2A /* TideModel.swift in Sources */,
				483AA9F01FAF48E300DEE9F4 /* TideVC.swift in Sources */,
				483AA9EE1FAF48E300DEE9F4 /* AppDelegate.swift in Sources */,
			);
			runOnlyForDeploymentPostprocessing = 0;
		};
/* End PBXSourcesBuildPhase section */

/* Begin PBXTargetDependency section */
		482E8E521FE3E15200AE8FB7 /* PBXTargetDependency */ = {
			isa = PBXTargetDependency;
			target = 482E8E451FE3E15100AE8FB7 /* TideWidget */;
			targetProxy = 482E8E511FE3E15200AE8FB7 /* PBXContainerItemProxy */;
		};
/* End PBXTargetDependency section */

/* Begin PBXVariantGroup section */
		482E8E4D1FE3E15200AE8FB7 /* MainInterface.storyboard */ = {
			isa = PBXVariantGroup;
			children = (
				482E8E4E1FE3E15200AE8FB7 /* Base */,
			);
			name = MainInterface.storyboard;
			sourceTree = "<group>";
		};
		483AA9F11FAF48E300DEE9F4 /* Main.storyboard */ = {
			isa = PBXVariantGroup;
			children = (
				483AA9F21FAF48E300DEE9F4 /* Base */,
			);
			name = Main.storyboard;
			sourceTree = "<group>";
		};
		483AA9F61FAF48E300DEE9F4 /* LaunchScreen.storyboard */ = {
			isa = PBXVariantGroup;
			children = (
				483AA9F71FAF48E300DEE9F4 /* Base */,
			);
			name = LaunchScreen.storyboard;
			sourceTree = "<group>";
		};
/* End PBXVariantGroup section */

/* Begin XCBuildConfiguration section */
		482E8E541FE3E15200AE8FB7 /* Debug */ = {
			isa = XCBuildConfiguration;
			buildSettings = {
				CODE_SIGN_ENTITLEMENTS = TideWidget/TideWidget.entitlements;
				CODE_SIGN_STYLE = Automatic;
				DEVELOPMENT_TEAM = 2KVYSWMVXX;
				INFOPLIST_FILE = TideWidget/Info.plist;
				IPHONEOS_DEPLOYMENT_TARGET = 11.2;
				LD_RUNPATH_SEARCH_PATHS = "$(inherited) @executable_path/Frameworks @executable_path/../../Frameworks";
				PRODUCT_BUNDLE_IDENTIFIER = "Sullivan-Applications.Tidal-Leigh.TideWidget";
				PRODUCT_NAME = "$(TARGET_NAME)";
				SKIP_INSTALL = YES;
				SWIFT_VERSION = 4.0;
				TARGETED_DEVICE_FAMILY = "1,2";
			};
			name = Debug;
		};
		482E8E551FE3E15200AE8FB7 /* Release */ = {
			isa = XCBuildConfiguration;
			buildSettings = {
				CODE_SIGN_ENTITLEMENTS = TideWidget/TideWidget.entitlements;
				CODE_SIGN_STYLE = Automatic;
				DEVELOPMENT_TEAM = 2KVYSWMVXX;
				INFOPLIST_FILE = TideWidget/Info.plist;
				IPHONEOS_DEPLOYMENT_TARGET = 11.2;
				LD_RUNPATH_SEARCH_PATHS = "$(inherited) @executable_path/Frameworks @executable_path/../../Frameworks";
				PRODUCT_BUNDLE_IDENTIFIER = "Sullivan-Applications.Tidal-Leigh.TideWidget";
				PRODUCT_NAME = "$(TARGET_NAME)";
				SKIP_INSTALL = YES;
				SWIFT_VERSION = 4.0;
				TARGETED_DEVICE_FAMILY = "1,2";
			};
			name = Release;
		};
		483AA9FA1FAF48E300DEE9F4 /* Debug */ = {
			isa = XCBuildConfiguration;
			buildSettings = {
				ALWAYS_SEARCH_USER_PATHS = NO;
				CLANG_ANALYZER_NONNULL = YES;
				CLANG_ANALYZER_NUMBER_OBJECT_CONVERSION = YES_AGGRESSIVE;
				CLANG_CXX_LANGUAGE_STANDARD = "gnu++14";
				CLANG_CXX_LIBRARY = "libc++";
				CLANG_ENABLE_MODULES = YES;
				CLANG_ENABLE_OBJC_ARC = YES;
				CLANG_WARN_BLOCK_CAPTURE_AUTORELEASING = YES;
				CLANG_WARN_BOOL_CONVERSION = YES;
				CLANG_WARN_COMMA = YES;
				CLANG_WARN_CONSTANT_CONVERSION = YES;
				CLANG_WARN_DIRECT_OBJC_ISA_USAGE = YES_ERROR;
				CLANG_WARN_DOCUMENTATION_COMMENTS = YES;
				CLANG_WARN_EMPTY_BODY = YES;
				CLANG_WARN_ENUM_CONVERSION = YES;
				CLANG_WARN_INFINITE_RECURSION = YES;
				CLANG_WARN_INT_CONVERSION = YES;
				CLANG_WARN_NON_LITERAL_NULL_CONVERSION = YES;
				CLANG_WARN_OBJC_LITERAL_CONVERSION = YES;
				CLANG_WARN_OBJC_ROOT_CLASS = YES_ERROR;
				CLANG_WARN_RANGE_LOOP_ANALYSIS = YES;
				CLANG_WARN_STRICT_PROTOTYPES = YES;
				CLANG_WARN_SUSPICIOUS_MOVE = YES;
				CLANG_WARN_UNGUARDED_AVAILABILITY = YES_AGGRESSIVE;
				CLANG_WARN_UNREACHABLE_CODE = YES;
				CLANG_WARN__DUPLICATE_METHOD_MATCH = YES;
				CODE_SIGN_IDENTITY = "iPhone Developer";
				COPY_PHASE_STRIP = NO;
				DEBUG_INFORMATION_FORMAT = dwarf;
				ENABLE_STRICT_OBJC_MSGSEND = YES;
				ENABLE_TESTABILITY = YES;
				GCC_C_LANGUAGE_STANDARD = gnu11;
				GCC_DYNAMIC_NO_PIC = NO;
				GCC_NO_COMMON_BLOCKS = YES;
				GCC_OPTIMIZATION_LEVEL = 0;
				GCC_PREPROCESSOR_DEFINITIONS = (
					"DEBUG=1",
					"$(inherited)",
				);
				GCC_WARN_64_TO_32_BIT_CONVERSION = YES;
				GCC_WARN_ABOUT_RETURN_TYPE = YES_ERROR;
				GCC_WARN_UNDECLARED_SELECTOR = YES;
				GCC_WARN_UNINITIALIZED_AUTOS = YES_AGGRESSIVE;
				GCC_WARN_UNUSED_FUNCTION = YES;
				GCC_WARN_UNUSED_VARIABLE = YES;
				IPHONEOS_DEPLOYMENT_TARGET = 11.1;
				MTL_ENABLE_DEBUG_INFO = YES;
				ONLY_ACTIVE_ARCH = YES;
				SDKROOT = iphoneos;
				SWIFT_ACTIVE_COMPILATION_CONDITIONS = DEBUG;
				SWIFT_OPTIMIZATION_LEVEL = "-Onone";
			};
			name = Debug;
		};
		483AA9FB1FAF48E300DEE9F4 /* Release */ = {
			isa = XCBuildConfiguration;
			buildSettings = {
				ALWAYS_SEARCH_USER_PATHS = NO;
				CLANG_ANALYZER_NONNULL = YES;
				CLANG_ANALYZER_NUMBER_OBJECT_CONVERSION = YES_AGGRESSIVE;
				CLANG_CXX_LANGUAGE_STANDARD = "gnu++14";
				CLANG_CXX_LIBRARY = "libc++";
				CLANG_ENABLE_MODULES = YES;
				CLANG_ENABLE_OBJC_ARC = YES;
				CLANG_WARN_BLOCK_CAPTURE_AUTORELEASING = YES;
				CLANG_WARN_BOOL_CONVERSION = YES;
				CLANG_WARN_COMMA = YES;
				CLANG_WARN_CONSTANT_CONVERSION = YES;
				CLANG_WARN_DIRECT_OBJC_ISA_USAGE = YES_ERROR;
				CLANG_WARN_DOCUMENTATION_COMMENTS = YES;
				CLANG_WARN_EMPTY_BODY = YES;
				CLANG_WARN_ENUM_CONVERSION = YES;
				CLANG_WARN_INFINITE_RECURSION = YES;
				CLANG_WARN_INT_CONVERSION = YES;
				CLANG_WARN_NON_LITERAL_NULL_CONVERSION = YES;
				CLANG_WARN_OBJC_LITERAL_CONVERSION = YES;
				CLANG_WARN_OBJC_ROOT_CLASS = YES_ERROR;
				CLANG_WARN_RANGE_LOOP_ANALYSIS = YES;
				CLANG_WARN_STRICT_PROTOTYPES = YES;
				CLANG_WARN_SUSPICIOUS_MOVE = YES;
				CLANG_WARN_UNGUARDED_AVAILABILITY = YES_AGGRESSIVE;
				CLANG_WARN_UNREACHABLE_CODE = YES;
				CLANG_WARN__DUPLICATE_METHOD_MATCH = YES;
				CODE_SIGN_IDENTITY = "iPhone Developer";
				COPY_PHASE_STRIP = NO;
				DEBUG_INFORMATION_FORMAT = "dwarf-with-dsym";
				ENABLE_NS_ASSERTIONS = NO;
				ENABLE_STRICT_OBJC_MSGSEND = YES;
				GCC_C_LANGUAGE_STANDARD = gnu11;
				GCC_NO_COMMON_BLOCKS = YES;
				GCC_WARN_64_TO_32_BIT_CONVERSION = YES;
				GCC_WARN_ABOUT_RETURN_TYPE = YES_ERROR;
				GCC_WARN_UNDECLARED_SELECTOR = YES;
				GCC_WARN_UNINITIALIZED_AUTOS = YES_AGGRESSIVE;
				GCC_WARN_UNUSED_FUNCTION = YES;
				GCC_WARN_UNUSED_VARIABLE = YES;
				IPHONEOS_DEPLOYMENT_TARGET = 11.1;
				MTL_ENABLE_DEBUG_INFO = NO;
				SDKROOT = iphoneos;
				SWIFT_OPTIMIZATION_LEVEL = "-Owholemodule";
				VALIDATE_PRODUCT = YES;
			};
			name = Release;
		};
		483AA9FD1FAF48E300DEE9F4 /* Debug */ = {
			isa = XCBuildConfiguration;
			buildSettings = {
				ALWAYS_EMBED_SWIFT_STANDARD_LIBRARIES = YES;
				ASSETCATALOG_COMPILER_APPICON_NAME = AppIcon;
				CODE_SIGN_ENTITLEMENTS = TideTracker/Tidey.entitlements;
				"CODE_SIGN_IDENTITY[sdk=iphoneos*]" = "iPhone Distribution";
				CODE_SIGN_STYLE = Manual;
				DEVELOPMENT_TEAM = 2KVYSWMVXX;
				INFOPLIST_FILE = TideTracker/Info.plist;
				IPHONEOS_DEPLOYMENT_TARGET = 10.3;
				LD_RUNPATH_SEARCH_PATHS = "$(inherited) @executable_path/Frameworks";
				PRODUCT_BUNDLE_IDENTIFIER = "Sullivan-Applications.Tidal-Leigh";
				PRODUCT_NAME = Tidey;
				PROVISIONING_PROFILE = "9025d5fa-56c5-47ac-b38b-1c2995bf3756";
				PROVISIONING_PROFILE_SPECIFIER = TidalLeighProfile;
				SWIFT_VERSION = 4.0;
				TARGETED_DEVICE_FAMILY = "1,2";
			};
			name = Debug;
		};
		483AA9FE1FAF48E300DEE9F4 /* Release */ = {
			isa = XCBuildConfiguration;
			buildSettings = {
				ALWAYS_EMBED_SWIFT_STANDARD_LIBRARIES = YES;
				ASSETCATALOG_COMPILER_APPICON_NAME = AppIcon;
				CODE_SIGN_ENTITLEMENTS = TideTracker/Tidey.entitlements;
				"CODE_SIGN_IDENTITY[sdk=iphoneos*]" = "iPhone Distribution";
				CODE_SIGN_STYLE = Manual;
				DEVELOPMENT_TEAM = 2KVYSWMVXX;
				INFOPLIST_FILE = TideTracker/Info.plist;
				IPHONEOS_DEPLOYMENT_TARGET = 10.3;
				LD_RUNPATH_SEARCH_PATHS = "$(inherited) @executable_path/Frameworks";
				PRODUCT_BUNDLE_IDENTIFIER = "Sullivan-Applications.Tidal-Leigh";
				PRODUCT_NAME = Tidey;
				PROVISIONING_PROFILE = "9025d5fa-56c5-47ac-b38b-1c2995bf3756";
				PROVISIONING_PROFILE_SPECIFIER = TidalLeighProfile;
				SWIFT_VERSION = 4.0;
				TARGETED_DEVICE_FAMILY = "1,2";
			};
			name = Release;
		};
/* End XCBuildConfiguration section */

/* Begin XCConfigurationList section */
		482E8E561FE3E15200AE8FB7 /* Build configuration list for PBXNativeTarget "TideWidget" */ = {
			isa = XCConfigurationList;
			buildConfigurations = (
				482E8E541FE3E15200AE8FB7 /* Debug */,
				482E8E551FE3E15200AE8FB7 /* Release */,
			);
			defaultConfigurationIsVisible = 0;
			defaultConfigurationName = Release;
		};
		483AA9E51FAF48E300DEE9F4 /* Build configuration list for PBXProject "TideTracker" */ = {
			isa = XCConfigurationList;
			buildConfigurations = (
				483AA9FA1FAF48E300DEE9F4 /* Debug */,
				483AA9FB1FAF48E300DEE9F4 /* Release */,
			);
			defaultConfigurationIsVisible = 0;
			defaultConfigurationName = Release;
		};
		483AA9FC1FAF48E300DEE9F4 /* Build configuration list for PBXNativeTarget "TideTracker" */ = {
			isa = XCConfigurationList;
			buildConfigurations = (
				483AA9FD1FAF48E300DEE9F4 /* Debug */,
				483AA9FE1FAF48E300DEE9F4 /* Release */,
			);
			defaultConfigurationIsVisible = 0;
			defaultConfigurationName = Release;
		};
/* End XCConfigurationList section */
	};
	rootObject = 483AA9E21FAF48E300DEE9F4 /* Project object */;
}
